
Microsoft Visual Studio Solution File, Format Version 12.00
# Visual Studio Version 16
VisualStudioVersion = 16.0.31105.61
MinimumVisualStudioVersion = 10.0.40219.1
Project("{FAE04EC0-301F-11D3-BF4B-00C04F79EFBC}") = "CoreAutomation", "CoreAutomation\CoreAutomation.csproj", "{08153BF7-E9D5-4390-8313-042EC61DCFA8}"
EndProject
Project("{FAE04EC0-301F-11D3-BF4B-00C04F79EFBC}") = "DuckDuckgoTask", "DuckDuckgoTask\DuckDuckgoTask.csproj", "{B44D5066-316A-4A6D-9418-15DE596B5C78}"
EndProject
Project("{FAE04EC0-301F-11D3-BF4B-00C04F79EFBC}") = "ExpediaTask", "ExpediaTask\ExpediaTask.csproj", "{02AD543D-123D-40A5-8D54-02F014E6236E}"
EndProject
Global
	GlobalSection(SolutionConfigurationPlatforms) = preSolution
		Debug|Any CPU = Debug|Any CPU
		Release|Any CPU = Release|Any CPU
	EndGlobalSection
	GlobalSection(ProjectConfigurationPlatforms) = postSolution
		{08153BF7-E9D5-4390-8313-042EC61DCFA8}.Debug|Any CPU.ActiveCfg = Debug|Any CPU
		{08153BF7-E9D5-4390-8313-042EC61DCFA8}.Debug|Any CPU.Build.0 = Debug|Any CPU
		{08153BF7-E9D5-4390-8313-042EC61DCFA8}.Release|Any CPU.ActiveCfg = Release|Any CPU
		{08153BF7-E9D5-4390-8313-042EC61DCFA8}.Release|Any CPU.Build.0 = Release|Any CPU
		{B44D5066-316A-4A6D-9418-15DE596B5C78}.Debug|Any CPU.ActiveCfg = Debug|Any CPU
		{B44D5066-316A-4A6D-9418-15DE596B5C78}.Debug|Any CPU.Build.0 = Debug|Any CPU
		{B44D5066-316A-4A6D-9418-15DE596B5C78}.Release|Any CPU.ActiveCfg = Release|Any CPU
		{B44D5066-316A-4A6D-9418-15DE596B5C78}.Release|Any CPU.Build.0 = Release|Any CPU
		{02AD543D-123D-40A5-8D54-02F014E6236E}.Debug|Any CPU.ActiveCfg = Debug|Any CPU
		{02AD543D-123D-40A5-8D54-02F014E6236E}.Debug|Any CPU.Build.0 = Debug|Any CPU
		{02AD543D-123D-40A5-8D54-02F014E6236E}.Release|Any CPU.ActiveCfg = Release|Any CPU
		{02AD543D-123D-40A5-8D54-02F014E6236E}.Release|Any CPU.Build.0 = Release|Any CPU
	EndGlobalSection
	GlobalSection(SolutionProperties) = preSolution
		HideSolutionNode = FALSE
	EndGlobalSection
	GlobalSection(ExtensibilityGlobals) = postSolution
		SolutionGuid = {B91A80DA-E77C-436B-AE97-71F1C6F05418}
	EndGlobalSection
EndGlobal
